{
  "name": "e2e",
  "version": "1.0.0",
  "lockfileVersion": 2,
  "requires": true,
  "packages": {
    "": {
      "name": "e2e",
      "version": "1.0.0",
      "license": "ISC",
      "dependencies": {
        "playwright-core": "1.28.1"
      },
      "devDependencies": {
        "@playwright/test": "1.28.1"
      }
    },
    "node_modules/@playwright/test": {
      "version": "1.28.1",
      "resolved": "https://registry.npmjs.org/@playwright/test/-/test-1.28.1.tgz",
      "integrity": "sha512-xN6spdqrNlwSn9KabIhqfZR7IWjPpFK1835tFNgjrlysaSezuX8PYUwaz38V/yI8TJLG9PkAMEXoHRXYXlpTPQ==",
      "dev": true,
      "dependencies": {
        "@types/node": "*",
        "playwright-core": "1.28.1"
      },
      "bin": {
        "playwright": "cli.js"
      },
      "engines": {
        "node": ">=14"
      }
    },
    "node_modules/@types/node": {
      "version": "18.11.10",
      "resolved": "https://registry.npmjs.org/@types/node/-/node-18.11.10.tgz",
      "integrity": "sha512-juG3RWMBOqcOuXC643OAdSA525V44cVgGV6dUDuiFtss+8Fk5x1hI93Rsld43VeJVIeqlP9I7Fn9/qaVqoEAuQ==",
      "dev": true
    },
    "node_modules/playwright-core": {
      "version": "1.28.1",
      "resolved": "https://registry.npmjs.org/playwright-core/-/playwright-core-1.28.1.tgz",
      "integrity": "sha512-3PixLnGPno0E8rSBJjtwqTwJe3Yw72QwBBBxNoukIj3lEeBNXwbNiKrNuB1oyQgTBw5QHUhNO3SteEtHaMK6ag==",
      "bin": {
        "playwright": "cli.js"
      },
      "engines": {
        "node": ">=14"
      }
    }
  },
  "dependencies": {
    "@playwright/test": {
      "version": "1.28.1",
      "resolved": "https://registry.npmjs.org/@playwright/test/-/test-1.28.1.tgz",
      "integrity": "sha512-xN6spdqrNlwSn9KabIhqfZR7IWjPpFK1835tFNgjrlysaSezuX8PYUwaz38V/yI8TJLG9PkAMEXoHRXYXlpTPQ==",
      "dev": true,
      "requires": {
        "@types/node": "*",
        "playwright-core": "1.28.1"
      }
    },
    "@types/node": {
      "version": "18.11.10",
      "resolved": "https://registry.npmjs.org/@types/node/-/node-18.11.10.tgz",
      "integrity": "sha512-juG3RWMBOqcOuXC643OAdSA525V44cVgGV6dUDuiFtss+8Fk5x1hI93Rsld43VeJVIeqlP9I7Fn9/qaVqoEAuQ==",
      "dev": true
    },
    "playwright-core": {
      "version": "1.28.1",
      "resolved": "https://registry.npmjs.org/playwright-core/-/playwright-core-1.28.1.tgz",
      "integrity": "sha512-3PixLnGPno0E8rSBJjtwqTwJe3Yw72QwBBBxNoukIj3lEeBNXwbNiKrNuB1oyQgTBw5QHUhNO3SteEtHaMK6ag=="
    }
  }
}
