# This file is generated by running "yarn install" inside your project.
# Manual changes might be lost - proceed with caution!

__metadata:
  version: 6
  cacheKey: 8

"@playwright/test@npm:1.29.1":
  version: 1.29.1
  resolution: "@playwright/test@npm:1.29.1"
  dependencies:
    "@types/node": "*"
    playwright-core: 1.29.1
  bin:
    playwright: cli.js
  checksum: c4424ee09f6589a296a3a78402f8c9eac841f3e5f44d96e3a2ba07aaa00d53ee9c10cc96379b304743a9e70f231df0ded0ad2fc197f412ada67b4cf17ee24b0f
  languageName: node
  linkType: hard

"@types/node@npm:*":
  version: 18.11.17
  resolution: "@types/node@npm:18.11.17"
  checksum: 1933afd068d5c75c068c6c4df6d10edb3b0b2bb6503d544e2f0496ac007c90596e6a5e284a8ef032451bc16f871b7e46719d7d2bea60e9b25d13a77d52161cac
  languageName: node
  linkType: hard

"e2e@workspace:.":
  version: 0.0.0-use.local
  resolution: "e2e@workspace:."
  dependencies:
    "@playwright/test": 1.29.1
  languageName: unknown
  linkType: soft

"playwright-core@npm:1.29.1":
  version: 1.29.1
  resolution: "playwright-core@npm:1.29.1"
  bin:
    playwright: cli.js
  checksum: e1c8423db4d28f44e5365a353f321b04a07709c8bf26d0c908f06d2c2669f715315170f84ca98a532951c2ac6324f5f48f651dca1abe43092c7637bdb4703303
  languageName: node
  linkType: hard
