# This file is generated by running "yarn install" inside your project.
# Manual changes might be lost - proceed with caution!

__metadata:
  version: 6
  cacheKey: 8

"@playwright/test@npm:1.30.0":
  version: 1.30.0
  resolution: "@playwright/test@npm:1.30.0"
  dependencies:
    "@types/node": "*"
    playwright-core: 1.30.0
  bin:
    playwright: cli.js
  checksum: 777432ac9cf3d0341fcd8dd265cb4c0775619d0ef48252b32a7c4d632d8038449756ec34bec873828cadbc08ba634e81176cb193304d34e699472771b7fb4d1e
  languageName: node
  linkType: hard

"@types/node@npm:*":
  version: 18.11.17
  resolution: "@types/node@npm:18.11.17"
  checksum: 1933afd068d5c75c068c6c4df6d10edb3b0b2bb6503d544e2f0496ac007c90596e6a5e284a8ef032451bc16f871b7e46719d7d2bea60e9b25d13a77d52161cac
  languageName: node
  linkType: hard

"e2e@workspace:.":
  version: 0.0.0-use.local
  resolution: "e2e@workspace:."
  dependencies:
    "@playwright/test": 1.30.0
    playwright: 1.30.0
  languageName: unknown
  linkType: soft

"playwright-core@npm:1.30.0":
  version: 1.30.0
  resolution: "playwright-core@npm:1.30.0"
  bin:
    playwright: cli.js
  checksum: 4c5693f27245a1168f94708ecd8e1eb0d200de435b25cc07cfa25b97a094633818954dc00baf24e0ff551825f672050b83d1309362c1f97213fe8ebd2a147ed9
  languageName: node
  linkType: hard

"playwright@npm:1.30.0":
  version: 1.30.0
  resolution: "playwright@npm:1.30.0"
  dependencies:
    playwright-core: 1.30.0
  bin:
    playwright: cli.js
  checksum: 1987446ed07e25c0c6dedce8314209b49536eb4c7fa82e57e7fea9bd8128bacd08e49f9e89af30a647839bf2603b8c8321f50e23e334a11c1c29eedb838a81a3
  languageName: node
  linkType: hard
